
Microsoft Visual Studio Solution File, Format Version 12.00
# Visual Studio Version 17
VisualStudioVersion = 17.14.36401.2
MinimumVisualStudioVersion = 10.0.40219.1
Project("{FAE04EC0-301F-11D3-BF4B-00C04F79EFBC}") = "WpfToolkit", "WpfToolkit\WpfToolkit.csproj", "{0475F2CE-CBA3-4439-A1E8-8D32E07E4B06}"
EndProject
Project("{2150E333-8FDC-42A3-9474-1A3956D46DE8}") = "WinForm", "WinForm", "{02EA681E-C7D8-13C7-8484-4AC65E1B71E8}"
	ProjectSection(SolutionItems) = preProject
		..\Controls\WinForm\NullableDateTimePicker.cs = ..\Controls\WinForm\NullableDateTimePicker.cs
		..\Controls\WinForm\NumericTextBox.cs = ..\Controls\WinForm\NumericTextBox.cs
	EndProjectSection
EndProject
Project("{2150E333-8FDC-42A3-9474-1A3956D46DE8}") = "Wpf", "Wpf", "{D10EC98E-71A1-4D25-B889-0018F82B7B90}"
EndProject
Project("{2150E333-8FDC-42A3-9474-1A3956D46DE8}") = "TextBoxes", "TextBoxes", "{F1645C8A-5466-4CE8-B3A2-D334B1D0FA13}"
	ProjectSection(SolutionItems) = preProject
		..\Controls\WPF\TextBox\MediaTextBox.xaml = ..\Controls\WPF\TextBox\MediaTextBox.xaml
		..\Controls\WPF\TextBox\MediaTextBox.xaml.cs = ..\Controls\WPF\TextBox\MediaTextBox.xaml.cs
		..\Controls\WPF\TextBox\MediaTextBoxTimeEventArgs.cs = ..\Controls\WPF\TextBox\MediaTextBoxTimeEventArgs.cs
		..\Controls\WPF\TextBox\MediaTimeSpan.cs = ..\Controls\WPF\TextBox\MediaTimeSpan.cs
		..\Controls\WPF\TextBox\MediaTimeSpanConverter.cs = ..\Controls\WPF\TextBox\MediaTimeSpanConverter.cs
		..\Controls\WPF\TextBox\MediaTimeSpanStringFormat.cs = ..\Controls\WPF\TextBox\MediaTimeSpanStringFormat.cs
		..\Controls\WPF\TextBox\RegexTextBox.cs = ..\Controls\WPF\TextBox\RegexTextBox.cs
	EndProjectSection
EndProject
Project("{2150E333-8FDC-42A3-9474-1A3956D46DE8}") = "Validators", "Validators", "{2EBCAE19-55D7-4300-9886-FA57DD06F7F6}"
	ProjectSection(SolutionItems) = preProject
		..\Controls\WPF\Validator\BaseValidator.cs = ..\Controls\WPF\Validator\BaseValidator.cs
		..\Controls\WPF\Validator\ComparisonOperatorEnum.cs = ..\Controls\WPF\Validator\ComparisonOperatorEnum.cs
		..\Controls\WPF\Validator\ComparisonValidator.cs = ..\Controls\WPF\Validator\ComparisonValidator.cs
		..\Controls\WPF\Validator\FieldValidator.cs = ..\Controls\WPF\Validator\FieldValidator.cs
		..\Controls\WPF\Validator\RangeValidator.cs = ..\Controls\WPF\Validator\RangeValidator.cs
		..\Controls\WPF\Validator\RegularExpressionValidator.cs = ..\Controls\WPF\Validator\RegularExpressionValidator.cs
		..\Controls\WPF\Validator\TypeValidator.cs = ..\Controls\WPF\Validator\TypeValidator.cs
	EndProjectSection
EndProject
Project("{FAE04EC0-301F-11D3-BF4B-00C04F79EFBC}") = "Core", "Core\Core.csproj", "{BCFB0374-0459-4DA3-8621-B4D800C5D247}"
EndProject
Project("{FAE04EC0-301F-11D3-BF4B-00C04F79EFBC}") = "WpfTestApplication", "WpfTestApplication\WpfTestApplication.csproj", "{0D4B22B9-1B58-442F-BF0F-AE49D98266F9}"
EndProject
Global
	GlobalSection(SolutionConfigurationPlatforms) = preSolution
		Debug|Any CPU = Debug|Any CPU
		Release|Any CPU = Release|Any CPU
	EndGlobalSection
	GlobalSection(ProjectConfigurationPlatforms) = postSolution
		{0475F2CE-CBA3-4439-A1E8-8D32E07E4B06}.Debug|Any CPU.ActiveCfg = Debug|Any CPU
		{0475F2CE-CBA3-4439-A1E8-8D32E07E4B06}.Debug|Any CPU.Build.0 = Debug|Any CPU
		{0475F2CE-CBA3-4439-A1E8-8D32E07E4B06}.Release|Any CPU.ActiveCfg = Release|Any CPU
		{0475F2CE-CBA3-4439-A1E8-8D32E07E4B06}.Release|Any CPU.Build.0 = Release|Any CPU
		{BCFB0374-0459-4DA3-8621-B4D800C5D247}.Debug|Any CPU.ActiveCfg = Debug|Any CPU
		{BCFB0374-0459-4DA3-8621-B4D800C5D247}.Debug|Any CPU.Build.0 = Debug|Any CPU
		{BCFB0374-0459-4DA3-8621-B4D800C5D247}.Release|Any CPU.ActiveCfg = Release|Any CPU
		{BCFB0374-0459-4DA3-8621-B4D800C5D247}.Release|Any CPU.Build.0 = Release|Any CPU
		{0D4B22B9-1B58-442F-BF0F-AE49D98266F9}.Debug|Any CPU.ActiveCfg = Debug|Any CPU
		{0D4B22B9-1B58-442F-BF0F-AE49D98266F9}.Debug|Any CPU.Build.0 = Debug|Any CPU
		{0D4B22B9-1B58-442F-BF0F-AE49D98266F9}.Release|Any CPU.ActiveCfg = Release|Any CPU
		{0D4B22B9-1B58-442F-BF0F-AE49D98266F9}.Release|Any CPU.Build.0 = Release|Any CPU
	EndGlobalSection
	GlobalSection(SolutionProperties) = preSolution
		HideSolutionNode = FALSE
	EndGlobalSection
	GlobalSection(NestedProjects) = preSolution
		{F1645C8A-5466-4CE8-B3A2-D334B1D0FA13} = {D10EC98E-71A1-4D25-B889-0018F82B7B90}
		{2EBCAE19-55D7-4300-9886-FA57DD06F7F6} = {D10EC98E-71A1-4D25-B889-0018F82B7B90}
	EndGlobalSection
	GlobalSection(ExtensibilityGlobals) = postSolution
		SolutionGuid = {A32FE175-0949-48CA-B49D-70B0266735EC}
	EndGlobalSection
EndGlobal
